
Microsoft Visual Studio Solution File, Format Version 11.00
# Visual Studio 2010
Project("{FAE04EC0-301F-11D3-BF4B-00C04F79EFBC}") = "Logrythmik.Common", "Logrythmik.Common\Logrythmik.Common.csproj", "{A7AC23EB-0AFE-4139-9135-FCB08172EF53}"
EndProject
Global
	GlobalSection(SolutionConfigurationPlatforms) = preSolution
		Debug|Any CPU = Debug|Any CPU
		Release|Any CPU = Release|Any CPU
	EndGlobalSection
	GlobalSection(ProjectConfigurationPlatforms) = postSolution
		{A7AC23EB-0AFE-4139-9135-FCB08172EF53}.Debug|Any CPU.ActiveCfg = Debug|Any CPU
		{A7AC23EB-0AFE-4139-9135-FCB08172EF53}.Debug|Any CPU.Build.0 = Debug|Any CPU
		{A7AC23EB-0AFE-4139-9135-FCB08172EF53}.Release|Any CPU.ActiveCfg = Release|Any CPU
		{A7AC23EB-0AFE-4139-9135-FCB08172EF53}.Release|Any CPU.Build.0 = Release|Any CPU
	EndGlobalSection
	GlobalSection(SolutionProperties) = preSolution
		HideSolutionNode = FALSE
	EndGlobalSection
EndGlobal
